// !$*UTF8*$!
{
	archiveVersion = 1;
	classes = {
	};
	objectVersion = 77;
	objects = {

/* Begin PBXBuildFile section */
		1B93DBB088FF6AB50B3D8689 /* ProfileView.swift in Sources */ = {isa = PBXBuildFile; fileRef = 1DAC1D9DE802313BFE884B01 /* ProfileView.swift */; };
		25B4DF17C0FF96F0E628CBCF /* NotificationsViewModel.swift in Sources */ = {isa = PBXBuildFile; fileRef = 1A06A596F5AA8F5A05BA8A34 /* NotificationsViewModel.swift */; };
		269FB0034584F9A10915A5B8 /* APIResponse.swift in Sources */ = {isa = PBXBuildFile; fileRef = E769DEF560D0E279B26B7746 /* APIResponse.swift */; };
		4D83969D7A86D26D9030362E /* PostCardView.swift in Sources */ = {isa = PBXBuildFile; fileRef = FFA71A4938840179D5D0A373 /* PostCardView.swift */; };
		4ED1313D6240155C2216987E /* UsernamePickerView.swift in Sources */ = {isa = PBXBuildFile; fileRef = 0B57AA927EF649956A01009A /* UsernamePickerView.swift */; };
		565598CBAAE4DDC41D9FC218 /* Preview Assets.xcassets in Resources */ = {isa = PBXBuildFile; fileRef = 20087CB4CACF60BFAAB2212E /* Preview Assets.xcassets */; };
		5F74A391EFDA598EFE838EF4 /* APIError.swift in Sources */ = {isa = PBXBuildFile; fileRef = DD609B9C746BF48DEA058E25 /* APIError.swift */; };
		6EAF2729E85D26FF8FF105D9 /* MyTrayView.swift in Sources */ = {isa = PBXBuildFile; fileRef = B4E5B01CCE1E4D857C7BEFF2 /* MyTrayView.swift */; };
		6FE9A6006F066A65428A5164 /* ProfileViewModel.swift in Sources */ = {isa = PBXBuildFile; fileRef = 3893002E61AAB0716240E1B9 /* ProfileViewModel.swift */; };
		7551F7FCC857F865C275A11A /* CreatePostView.swift in Sources */ = {isa = PBXBuildFile; fileRef = 589EE70B8154A9D38E6B9D1B /* CreatePostView.swift */; };
		78BC4163185A479319E05EB4 /* AuthService.swift in Sources */ = {isa = PBXBuildFile; fileRef = 802ABCDA09713C4678248278 /* AuthService.swift */; };
		7EB4D3772E068CBBDE1D244E /* Post.swift in Sources */ = {isa = PBXBuildFile; fileRef = 0623E0823095B84B0BE6357F /* Post.swift */; };
		8412AA949ADBC86FD4C4B44F /* AppNotification.swift in Sources */ = {isa = PBXBuildFile; fileRef = 0F90F0E9C63303F4F5E19999 /* AppNotification.swift */; };
		8D26CE5C71CF07E946CC3CAB /* CookModeView.swift in Sources */ = {isa = PBXBuildFile; fileRef = D23E08E42283C36392DFBEA9 /* CookModeView.swift */; };
		919AE1F9F4CA872FBEEFE0BE /* Configuration.swift in Sources */ = {isa = PBXBuildFile; fileRef = 39068B4368423677CA387168 /* Configuration.swift */; };
		9280D37823B72E4D7F07A8F3 /* RegisterView.swift in Sources */ = {isa = PBXBuildFile; fileRef = C0CF540F6F0306A9E936193E /* RegisterView.swift */; };
		9943152E1E4E6B2049563EAA /* AuthViewModel.swift in Sources */ = {isa = PBXBuildFile; fileRef = 90B7815F88CA31767867F48D /* AuthViewModel.swift */; };
		9F4B2BB2DD63E2B1B1373704 /* String+BackendURL.swift in Sources */ = {isa = PBXBuildFile; fileRef = 35EDA5485F0DD3EE87C9FF0F /* String+BackendURL.swift */; };
		A4DC16ED6BAE818151AF8FF1 /* Assets.xcassets in Resources */ = {isa = PBXBuildFile; fileRef = 32D2EAB385C443516BBDD921 /* Assets.xcassets */; };
		A9A34BEDF00A118C90677E42 /* FindViewModel.swift in Sources */ = {isa = PBXBuildFile; fileRef = 100430FDF305D5E74355F4BC /* FindViewModel.swift */; };
		AB4C02FA789E916C7F685875 /* CreatePostViewModel.swift in Sources */ = {isa = PBXBuildFile; fileRef = 3540592DA46CF395AEEAA5C0 /* CreatePostViewModel.swift */; };
		AE1ABF8DB0A2231E95C272F3 /* FindView.swift in Sources */ = {isa = PBXBuildFile; fileRef = 25DDF4D71B30FEDDB90E828E /* FindView.swift */; };
		BAE221C8716562D3F5253854 /* PushNotificationService.swift in Sources */ = {isa = PBXBuildFile; fileRef = 7C95FC39F4695EA3AF4C37A5 /* PushNotificationService.swift */; };
		BD00C5D666CF7BEBDA198327 /* TraysSocialApp.swift in Sources */ = {isa = PBXBuildFile; fileRef = 257BD59C9143F329A0240F72 /* TraysSocialApp.swift */; };
		BE727916AF64F4EA2D762814 /* KeychainService.swift in Sources */ = {isa = PBXBuildFile; fileRef = 67DCD1E3A70C9F29DFD5035C /* KeychainService.swift */; };
		BEDEF0BA0E159AC29AA6FD25 /* APIClient.swift in Sources */ = {isa = PBXBuildFile; fileRef = ACB88CDBE65F5F63DB2CD860 /* APIClient.swift */; };
		C2AE627280A704249C268EF4 /* WelcomeView.swift in Sources */ = {isa = PBXBuildFile; fileRef = 45AD072C42CEDFF1299909E3 /* WelcomeView.swift */; };
		C5722C1F0CCB7A506F798483 /* FeedView.swift in Sources */ = {isa = PBXBuildFile; fileRef = DBD01D0EB9310C72D911EC60 /* FeedView.swift */; };
		D7B58D50FFE71B87C36FA3FF /* AppState.swift in Sources */ = {isa = PBXBuildFile; fileRef = 15E25A27F96B53A311D1785A /* AppState.swift */; };
		D9D83A18DCA43251859EFB14 /* PostViewModel.swift in Sources */ = {isa = PBXBuildFile; fileRef = DC60D2B53505A6374F68AFBB /* PostViewModel.swift */; };
		DC9FFDCAB43C8DE2FD2A03B9 /* User.swift in Sources */ = {isa = PBXBuildFile; fileRef = CB5079D934DE75DD36A85EB1 /* User.swift */; };
		DCF0881BB917DD085F462F8E /* FeedViewModel.swift in Sources */ = {isa = PBXBuildFile; fileRef = D730369827269A7072F416A2 /* FeedViewModel.swift */; };
		E0633D5901A6A1D5BAEBDE1A /* TraySelector.swift in Sources */ = {isa = PBXBuildFile; fileRef = AC3F588384DD243E16F1473D /* TraySelector.swift */; };
		E0A787E2FF9F33EFC71ED9F6 /* MainView.swift in Sources */ = {isa = PBXBuildFile; fileRef = C93766A15ABE17B0D19005CA /* MainView.swift */; };
		E4090C8BFAECC75C5D6D5508 /* Comment.swift in Sources */ = {isa = PBXBuildFile; fileRef = C9A82C055235B8D4E103AF95 /* Comment.swift */; };
		E6F36149B52A5781300385E9 /* PostDetailView.swift in Sources */ = {isa = PBXBuildFile; fileRef = E77FB4C5F704EABC3090A7B5 /* PostDetailView.swift */; };
		E8B99702B0C78EFBE2B961E8 /* LoginView.swift in Sources */ = {isa = PBXBuildFile; fileRef = 4CE90967D6918BD229185514 /* LoginView.swift */; };
		EC345A008BE401F2EDD5421D /* MyTrayViewModel.swift in Sources */ = {isa = PBXBuildFile; fileRef = 9AF1EA4D0A316329D1C02CB8 /* MyTrayViewModel.swift */; };
		F2BF3A3ADB396931C925D745 /* Theme.swift in Sources */ = {isa = PBXBuildFile; fileRef = D40053541A36E996D238B572 /* Theme.swift */; };
		F692F33E69675A559BBA3597 /* BottomBar.swift in Sources */ = {isa = PBXBuildFile; fileRef = 5B3AA5EA01086BDCFF78E26A /* BottomBar.swift */; };
		F72C0EFB417B4AF95EEB0B6F /* NotificationsView.swift in Sources */ = {isa = PBXBuildFile; fileRef = E7AB3435C8A95FE1C2FE7E38 /* NotificationsView.swift */; };
/* End PBXBuildFile section */

/* Begin PBXFileReference section */
		0623E0823095B84B0BE6357F /* Post.swift */ = {isa = PBXFileReference; lastKnownFileType = sourcecode.swift; path = Post.swift; sourceTree = "<group>"; };
		0B57AA927EF649956A01009A /* UsernamePickerView.swift */ = {isa = PBXFileReference; lastKnownFileType = sourcecode.swift; path = UsernamePickerView.swift; sourceTree = "<group>"; };
		0F90F0E9C63303F4F5E19999 /* AppNotification.swift */ = {isa = PBXFileReference; lastKnownFileType = sourcecode.swift; path = AppNotification.swift; sourceTree = "<group>"; };
		100430FDF305D5E74355F4BC /* FindViewModel.swift */ = {isa = PBXFileReference; lastKnownFileType = sourcecode.swift; path = FindViewModel.swift; sourceTree = "<group>"; };
		15E25A27F96B53A311D1785A /* AppState.swift */ = {isa = PBXFileReference; lastKnownFileType = sourcecode.swift; path = AppState.swift; sourceTree = "<group>"; };
		1A06A596F5AA8F5A05BA8A34 /* NotificationsViewModel.swift */ = {isa = PBXFileReference; lastKnownFileType = sourcecode.swift; path = NotificationsViewModel.swift; sourceTree = "<group>"; };
		1DAC1D9DE802313BFE884B01 /* ProfileView.swift */ = {isa = PBXFileReference; lastKnownFileType = sourcecode.swift; path = ProfileView.swift; sourceTree = "<group>"; };
		20087CB4CACF60BFAAB2212E /* Preview Assets.xcassets */ = {isa = PBXFileReference; lastKnownFileType = folder.assetcatalog; path = "Preview Assets.xcassets"; sourceTree = "<group>"; };
		257BD59C9143F329A0240F72 /* TraysSocialApp.swift */ = {isa = PBXFileReference; lastKnownFileType = sourcecode.swift; path = TraysSocialApp.swift; sourceTree = "<group>"; };
		25DDF4D71B30FEDDB90E828E /* FindView.swift */ = {isa = PBXFileReference; lastKnownFileType = sourcecode.swift; path = FindView.swift; sourceTree = "<group>"; };
		32D2EAB385C443516BBDD921 /* Assets.xcassets */ = {isa = PBXFileReference; lastKnownFileType = folder.assetcatalog; path = Assets.xcassets; sourceTree = "<group>"; };
		3540592DA46CF395AEEAA5C0 /* CreatePostViewModel.swift */ = {isa = PBXFileReference; lastKnownFileType = sourcecode.swift; path = CreatePostViewModel.swift; sourceTree = "<group>"; };
		3587970859E9F845326FE543 /* TraysSocial.app */ = {isa = PBXFileReference; includeInIndex = 0; lastKnownFileType = wrapper.application; path = TraysSocial.app; sourceTree = BUILT_PRODUCTS_DIR; };
		35EDA5485F0DD3EE87C9FF0F /* String+BackendURL.swift */ = {isa = PBXFileReference; lastKnownFileType = sourcecode.swift; path = "String+BackendURL.swift"; sourceTree = "<group>"; };
		3893002E61AAB0716240E1B9 /* ProfileViewModel.swift */ = {isa = PBXFileReference; lastKnownFileType = sourcecode.swift; path = ProfileViewModel.swift; sourceTree = "<group>"; };
		39068B4368423677CA387168 /* Configuration.swift */ = {isa = PBXFileReference; lastKnownFileType = sourcecode.swift; path = Configuration.swift; sourceTree = "<group>"; };
		45AD072C42CEDFF1299909E3 /* WelcomeView.swift */ = {isa = PBXFileReference; lastKnownFileType = sourcecode.swift; path = WelcomeView.swift; sourceTree = "<group>"; };
		4CE90967D6918BD229185514 /* LoginView.swift */ = {isa = PBXFileReference; lastKnownFileType = sourcecode.swift; path = LoginView.swift; sourceTree = "<group>"; };
		589EE70B8154A9D38E6B9D1B /* CreatePostView.swift */ = {isa = PBXFileReference; lastKnownFileType = sourcecode.swift; path = CreatePostView.swift; sourceTree = "<group>"; };
		5B3AA5EA01086BDCFF78E26A /* BottomBar.swift */ = {isa = PBXFileReference; lastKnownFileType = sourcecode.swift; path = BottomBar.swift; sourceTree = "<group>"; };
		67DCD1E3A70C9F29DFD5035C /* KeychainService.swift */ = {isa = PBXFileReference; lastKnownFileType = sourcecode.swift; path = KeychainService.swift; sourceTree = "<group>"; };
		7C95FC39F4695EA3AF4C37A5 /* PushNotificationService.swift */ = {isa = PBXFileReference; lastKnownFileType = sourcecode.swift; path = PushNotificationService.swift; sourceTree = "<group>"; };
		802ABCDA09713C4678248278 /* AuthService.swift */ = {isa = PBXFileReference; lastKnownFileType = sourcecode.swift; path = AuthService.swift; sourceTree = "<group>"; };
		90B7815F88CA31767867F48D /* AuthViewModel.swift */ = {isa = PBXFileReference; lastKnownFileType = sourcecode.swift; path = AuthViewModel.swift; sourceTree = "<group>"; };
		9AF1EA4D0A316329D1C02CB8 /* MyTrayViewModel.swift */ = {isa = PBXFileReference; lastKnownFileType = sourcecode.swift; path = MyTrayViewModel.swift; sourceTree = "<group>"; };
		AC3F588384DD243E16F1473D /* TraySelector.swift */ = {isa = PBXFileReference; lastKnownFileType = sourcecode.swift; path = TraySelector.swift; sourceTree = "<group>"; };
		ACB88CDBE65F5F63DB2CD860 /* APIClient.swift */ = {isa = PBXFileReference; lastKnownFileType = sourcecode.swift; path = APIClient.swift; sourceTree = "<group>"; };
		B4E5B01CCE1E4D857C7BEFF2 /* MyTrayView.swift */ = {isa = PBXFileReference; lastKnownFileType = sourcecode.swift; path = MyTrayView.swift; sourceTree = "<group>"; };
		C0CF540F6F0306A9E936193E /* RegisterView.swift */ = {isa = PBXFileReference; lastKnownFileType = sourcecode.swift; path = RegisterView.swift; sourceTree = "<group>"; };
		C93766A15ABE17B0D19005CA /* MainView.swift */ = {isa = PBXFileReference; lastKnownFileType = sourcecode.swift; path = MainView.swift; sourceTree = "<group>"; };
		C9A82C055235B8D4E103AF95 /* Comment.swift */ = {isa = PBXFileReference; lastKnownFileType = sourcecode.swift; path = Comment.swift; sourceTree = "<group>"; };
		CB5079D934DE75DD36A85EB1 /* User.swift */ = {isa = PBXFileReference; lastKnownFileType = sourcecode.swift; path = User.swift; sourceTree = "<group>"; };
		D23E08E42283C36392DFBEA9 /* CookModeView.swift */ = {isa = PBXFileReference; lastKnownFileType = sourcecode.swift; path = CookModeView.swift; sourceTree = "<group>"; };
		D40053541A36E996D238B572 /* Theme.swift */ = {isa = PBXFileReference; lastKnownFileType = sourcecode.swift; path = Theme.swift; sourceTree = "<group>"; };
		D730369827269A7072F416A2 /* FeedViewModel.swift */ = {isa = PBXFileReference; lastKnownFileType = sourcecode.swift; path = FeedViewModel.swift; sourceTree = "<group>"; };
		DBD01D0EB9310C72D911EC60 /* FeedView.swift */ = {isa = PBXFileReference; lastKnownFileType = sourcecode.swift; path = FeedView.swift; sourceTree = "<group>"; };
		DC60D2B53505A6374F68AFBB /* PostViewModel.swift */ = {isa = PBXFileReference; lastKnownFileType = sourcecode.swift; path = PostViewModel.swift; sourceTree = "<group>"; };
		DD609B9C746BF48DEA058E25 /* APIError.swift */ = {isa = PBXFileReference; lastKnownFileType = sourcecode.swift; path = APIError.swift; sourceTree = "<group>"; };
		E1F2C835D7AE2AADBA2B60A0 /* Info.plist */ = {isa = PBXFileReference; lastKnownFileType = text.plist; path = Info.plist; sourceTree = "<group>"; };
		E769DEF560D0E279B26B7746 /* APIResponse.swift */ = {isa = PBXFileReference; lastKnownFileType = sourcecode.swift; path = APIResponse.swift; sourceTree = "<group>"; };
		E77FB4C5F704EABC3090A7B5 /* PostDetailView.swift */ = {isa = PBXFileReference; lastKnownFileType = sourcecode.swift; path = PostDetailView.swift; sourceTree = "<group>"; };
		E7AB3435C8A95FE1C2FE7E38 /* NotificationsView.swift */ = {isa = PBXFileReference; lastKnownFileType = sourcecode.swift; path = NotificationsView.swift; sourceTree = "<group>"; };
		FFA71A4938840179D5D0A373 /* PostCardView.swift */ = {isa = PBXFileReference; lastKnownFileType = sourcecode.swift; path = PostCardView.swift; sourceTree = "<group>"; };
/* End PBXFileReference section */

/* Begin PBXGroup section */
		030D6C33E3149F2EDCC93F60 = {
			isa = PBXGroup;
			children = (
				5BD18F0A3CFE33F865F59BBC /* TraysSocial */,
				40186D53E78BCA43FB4850A3 /* Products */,
			);
			sourceTree = "<group>";
		};
		094B5FE2F062F0C2AEDDE086 /* Preview Content */ = {
			isa = PBXGroup;
			children = (
				20087CB4CACF60BFAAB2212E /* Preview Assets.xcassets */,
			);
			path = "Preview Content";
			sourceTree = "<group>";
		};
		15DF8DA1DFA03B49D9252DD3 /* ViewModels */ = {
			isa = PBXGroup;
			children = (
				90B7815F88CA31767867F48D /* AuthViewModel.swift */,
				3540592DA46CF395AEEAA5C0 /* CreatePostViewModel.swift */,
				D730369827269A7072F416A2 /* FeedViewModel.swift */,
				100430FDF305D5E74355F4BC /* FindViewModel.swift */,
				9AF1EA4D0A316329D1C02CB8 /* MyTrayViewModel.swift */,
				1A06A596F5AA8F5A05BA8A34 /* NotificationsViewModel.swift */,
				DC60D2B53505A6374F68AFBB /* PostViewModel.swift */,
				3893002E61AAB0716240E1B9 /* ProfileViewModel.swift */,
			);
			path = ViewModels;
			sourceTree = "<group>";
		};
		1DFC01C6D482625EBE263D9E /* Services */ = {
			isa = PBXGroup;
			children = (
				ACB88CDBE65F5F63DB2CD860 /* APIClient.swift */,
				802ABCDA09713C4678248278 /* AuthService.swift */,
				67DCD1E3A70C9F29DFD5035C /* KeychainService.swift */,
				7C95FC39F4695EA3AF4C37A5 /* PushNotificationService.swift */,
			);
			path = Services;
			sourceTree = "<group>";
		};
		20B9D40D67D9A96013CC17F9 /* Find */ = {
			isa = PBXGroup;
			children = (
				25DDF4D71B30FEDDB90E828E /* FindView.swift */,
			);
			path = Find;
			sourceTree = "<group>";
		};
		24120B9B3CAB76B1E67EE820 /* CookMode */ = {
			isa = PBXGroup;
			children = (
				D23E08E42283C36392DFBEA9 /* CookModeView.swift */,
			);
			path = CookMode;
			sourceTree = "<group>";
		};
		2ACF9068F8772B6162AF6E19 /* Feed */ = {
			isa = PBXGroup;
			children = (
				DBD01D0EB9310C72D911EC60 /* FeedView.swift */,
				FFA71A4938840179D5D0A373 /* PostCardView.swift */,
			);
			path = Feed;
			sourceTree = "<group>";
		};
		40186D53E78BCA43FB4850A3 /* Products */ = {
			isa = PBXGroup;
			children = (
				3587970859E9F845326FE543 /* TraysSocial.app */,
			);
			name = Products;
			sourceTree = "<group>";
		};
		4034FAD552C97CAE58316AEF /* Profile */ = {
			isa = PBXGroup;
			children = (
				1DAC1D9DE802313BFE884B01 /* ProfileView.swift */,
			);
			path = Profile;
			sourceTree = "<group>";
		};
		575F684E8C543C333A8A9D89 /* Auth */ = {
			isa = PBXGroup;
			children = (
				4CE90967D6918BD229185514 /* LoginView.swift */,
				C0CF540F6F0306A9E936193E /* RegisterView.swift */,
				0B57AA927EF649956A01009A /* UsernamePickerView.swift */,
				45AD072C42CEDFF1299909E3 /* WelcomeView.swift */,
			);
			path = Auth;
			sourceTree = "<group>";
		};
		5BD18F0A3CFE33F865F59BBC /* TraysSocial */ = {
			isa = PBXGroup;
			children = (
				32D2EAB385C443516BBDD921 /* Assets.xcassets */,
				E1F2C835D7AE2AADBA2B60A0 /* Info.plist */,
				674D497F777ED1F19916DF3D /* App */,
				653C9FB2FF21B9FCF753DC7A /* Extensions */,
				FCAB5EDF7E4EF9119007CA60 /* Models */,
				094B5FE2F062F0C2AEDDE086 /* Preview Content */,
				1DFC01C6D482625EBE263D9E /* Services */,
				15DF8DA1DFA03B49D9252DD3 /* ViewModels */,
				61786A635D39F0E373C780EC /* Views */,
			);
			path = TraysSocial;
			sourceTree = "<group>";
		};
		61786A635D39F0E373C780EC /* Views */ = {
			isa = PBXGroup;
			children = (
				C93766A15ABE17B0D19005CA /* MainView.swift */,
				575F684E8C543C333A8A9D89 /* Auth */,
				84E90902F6F81BFED3F5139C /* Components */,
				24120B9B3CAB76B1E67EE820 /* CookMode */,
				2ACF9068F8772B6162AF6E19 /* Feed */,
				20B9D40D67D9A96013CC17F9 /* Find */,
				7DE961F3F3F91474ED4892D2 /* MyTray */,
				F399D6D879BD109A918EA46D /* Notifications */,
				F9AB343194A1DB947AF3E2B9 /* Post */,
				4034FAD552C97CAE58316AEF /* Profile */,
			);
			path = Views;
			sourceTree = "<group>";
		};
		653C9FB2FF21B9FCF753DC7A /* Extensions */ = {
			isa = PBXGroup;
			children = (
				35EDA5485F0DD3EE87C9FF0F /* String+BackendURL.swift */,
			);
			path = Extensions;
			sourceTree = "<group>";
		};
		674D497F777ED1F19916DF3D /* App */ = {
			isa = PBXGroup;
			children = (
				15E25A27F96B53A311D1785A /* AppState.swift */,
				39068B4368423677CA387168 /* Configuration.swift */,
				D40053541A36E996D238B572 /* Theme.swift */,
				257BD59C9143F329A0240F72 /* TraysSocialApp.swift */,
			);
			path = App;
			sourceTree = "<group>";
		};
		7DE961F3F3F91474ED4892D2 /* MyTray */ = {
			isa = PBXGroup;
			children = (
				B4E5B01CCE1E4D857C7BEFF2 /* MyTrayView.swift */,
			);
			path = MyTray;
			sourceTree = "<group>";
		};
		84E90902F6F81BFED3F5139C /* Components */ = {
			isa = PBXGroup;
			children = (
				5B3AA5EA01086BDCFF78E26A /* BottomBar.swift */,
				AC3F588384DD243E16F1473D /* TraySelector.swift */,
			);
			path = Components;
			sourceTree = "<group>";
		};
		F399D6D879BD109A918EA46D /* Notifications */ = {
			isa = PBXGroup;
			children = (
				E7AB3435C8A95FE1C2FE7E38 /* NotificationsView.swift */,
			);
			path = Notifications;
			sourceTree = "<group>";
		};
		F9AB343194A1DB947AF3E2B9 /* Post */ = {
			isa = PBXGroup;
			children = (
				589EE70B8154A9D38E6B9D1B /* CreatePostView.swift */,
				E77FB4C5F704EABC3090A7B5 /* PostDetailView.swift */,
			);
			path = Post;
			sourceTree = "<group>";
		};
		FCAB5EDF7E4EF9119007CA60 /* Models */ = {
			isa = PBXGroup;
			children = (
				DD609B9C746BF48DEA058E25 /* APIError.swift */,
				E769DEF560D0E279B26B7746 /* APIResponse.swift */,
				0F90F0E9C63303F4F5E19999 /* AppNotification.swift */,
				C9A82C055235B8D4E103AF95 /* Comment.swift */,
				0623E0823095B84B0BE6357F /* Post.swift */,
				CB5079D934DE75DD36A85EB1 /* User.swift */,
			);
			path = Models;
			sourceTree = "<group>";
		};
/* End PBXGroup section */

/* Begin PBXNativeTarget section */
		47BF1FF91ACD6CD6BBCBB2AC /* TraysSocial */ = {
			isa = PBXNativeTarget;
			buildConfigurationList = FBD568D92B229814E5388D32 /* Build configuration list for PBXNativeTarget "TraysSocial" */;
			buildPhases = (
				B3F7FBE015A5D1BA4EE24B9B /* Sources */,
				EDE30648619817DBBC2E3913 /* Resources */,
			);
			buildRules = (
			);
			dependencies = (
			);
			name = TraysSocial;
			packageProductDependencies = (
			);
			productName = TraysSocial;
			productReference = 3587970859E9F845326FE543 /* TraysSocial.app */;
			productType = "com.apple.product-type.application";
		};
/* End PBXNativeTarget section */

/* Begin PBXProject section */
		6838EF684CCBBF5E8DF2FE35 /* Project object */ = {
			isa = PBXProject;
			attributes = {
				BuildIndependentTargetsInParallel = YES;
				LastUpgradeCheck = 1600;
				TargetAttributes = {
					47BF1FF91ACD6CD6BBCBB2AC = {
						DevelopmentTeam = 6TN2AZM26U;
					};
				};
			};
			buildConfigurationList = 2C9519EE39CD9810A0752FB8 /* Build configuration list for PBXProject "TraysSocial" */;
			developmentRegion = en;
			hasScannedForEncodings = 0;
			knownRegions = (
				Base,
				en,
			);
			mainGroup = 030D6C33E3149F2EDCC93F60;
			minimizedProjectReferenceProxies = 1;
			preferredProjectObjectVersion = 77;
			productRefGroup = 40186D53E78BCA43FB4850A3 /* Products */;
			projectDirPath = "";
			projectRoot = "";
			targets = (
				47BF1FF91ACD6CD6BBCBB2AC /* TraysSocial */,
			);
		};
/* End PBXProject section */

/* Begin PBXResourcesBuildPhase section */
		EDE30648619817DBBC2E3913 /* Resources */ = {
			isa = PBXResourcesBuildPhase;
			buildActionMask = 2147483647;
			files = (
				A4DC16ED6BAE818151AF8FF1 /* Assets.xcassets in Resources */,
				565598CBAAE4DDC41D9FC218 /* Preview Assets.xcassets in Resources */,
			);
			runOnlyForDeploymentPostprocessing = 0;
		};
/* End PBXResourcesBuildPhase section */

/* Begin PBXSourcesBuildPhase section */
		B3F7FBE015A5D1BA4EE24B9B /* Sources */ = {
			isa = PBXSourcesBuildPhase;
			buildActionMask = 2147483647;
			files = (
				BEDEF0BA0E159AC29AA6FD25 /* APIClient.swift in Sources */,
				5F74A391EFDA598EFE838EF4 /* APIError.swift in Sources */,
				269FB0034584F9A10915A5B8 /* APIResponse.swift in Sources */,
				8412AA949ADBC86FD4C4B44F /* AppNotification.swift in Sources */,
				D7B58D50FFE71B87C36FA3FF /* AppState.swift in Sources */,
				78BC4163185A479319E05EB4 /* AuthService.swift in Sources */,
				9943152E1E4E6B2049563EAA /* AuthViewModel.swift in Sources */,
				F692F33E69675A559BBA3597 /* BottomBar.swift in Sources */,
				E4090C8BFAECC75C5D6D5508 /* Comment.swift in Sources */,
				919AE1F9F4CA872FBEEFE0BE /* Configuration.swift in Sources */,
				8D26CE5C71CF07E946CC3CAB /* CookModeView.swift in Sources */,
				7551F7FCC857F865C275A11A /* CreatePostView.swift in Sources */,
				AB4C02FA789E916C7F685875 /* CreatePostViewModel.swift in Sources */,
				C5722C1F0CCB7A506F798483 /* FeedView.swift in Sources */,
				DCF0881BB917DD085F462F8E /* FeedViewModel.swift in Sources */,
				AE1ABF8DB0A2231E95C272F3 /* FindView.swift in Sources */,
				A9A34BEDF00A118C90677E42 /* FindViewModel.swift in Sources */,
				BE727916AF64F4EA2D762814 /* KeychainService.swift in Sources */,
				E8B99702B0C78EFBE2B961E8 /* LoginView.swift in Sources */,
				E0A787E2FF9F33EFC71ED9F6 /* MainView.swift in Sources */,
				6EAF2729E85D26FF8FF105D9 /* MyTrayView.swift in Sources */,
				EC345A008BE401F2EDD5421D /* MyTrayViewModel.swift in Sources */,
				F72C0EFB417B4AF95EEB0B6F /* NotificationsView.swift in Sources */,
				25B4DF17C0FF96F0E628CBCF /* NotificationsViewModel.swift in Sources */,
				7EB4D3772E068CBBDE1D244E /* Post.swift in Sources */,
				4D83969D7A86D26D9030362E /* PostCardView.swift in Sources */,
				E6F36149B52A5781300385E9 /* PostDetailView.swift in Sources */,
				D9D83A18DCA43251859EFB14 /* PostViewModel.swift in Sources */,
				1B93DBB088FF6AB50B3D8689 /* ProfileView.swift in Sources */,
				6FE9A6006F066A65428A5164 /* ProfileViewModel.swift in Sources */,
				BAE221C8716562D3F5253854 /* PushNotificationService.swift in Sources */,
				9280D37823B72E4D7F07A8F3 /* RegisterView.swift in Sources */,
				9F4B2BB2DD63E2B1B1373704 /* String+BackendURL.swift in Sources */,
				F2BF3A3ADB396931C925D745 /* Theme.swift in Sources */,
				E0633D5901A6A1D5BAEBDE1A /* TraySelector.swift in Sources */,
				BD00C5D666CF7BEBDA198327 /* TraysSocialApp.swift in Sources */,
				DC9FFDCAB43C8DE2FD2A03B9 /* User.swift in Sources */,
				4ED1313D6240155C2216987E /* UsernamePickerView.swift in Sources */,
				C2AE627280A704249C268EF4 /* WelcomeView.swift in Sources */,
			);
			runOnlyForDeploymentPostprocessing = 0;
		};
/* End PBXSourcesBuildPhase section */

/* Begin XCBuildConfiguration section */
		0A97BADD9137E1FB8483C388 /* Debug */ = {
			isa = XCBuildConfiguration;
			buildSettings = {
				API_BASE_URL = "https://trays-social-review.fly.dev";
				ASSETCATALOG_COMPILER_APPICON_NAME = AppIcon;
				CODE_SIGN_IDENTITY = "iPhone Developer";
				CURRENT_PROJECT_VERSION = 3;
				GENERATE_INFOPLIST_FILE = NO;
				INFOPLIST_FILE = TraysSocial/Info.plist;
				LD_RUNPATH_SEARCH_PATHS = (
					"$(inherited)",
					"@executable_path/Frameworks",
				);
				MARKETING_VERSION = 1.0.0;
				PRODUCT_BUNDLE_IDENTIFIER = com.trays.social;
				SDKROOT = iphoneos;
				TARGETED_DEVICE_FAMILY = 1;
			};
			name = Debug;
		};
		16ED6ED67F6A5E7FAB9F1D49 /* Release */ = {
			isa = XCBuildConfiguration;
			buildSettings = {
				API_BASE_URL = "https://trays-social-review.fly.dev";
				ASSETCATALOG_COMPILER_APPICON_NAME = AppIcon;
				CODE_SIGN_IDENTITY = "iPhone Developer";
				CURRENT_PROJECT_VERSION = 3;
				GENERATE_INFOPLIST_FILE = NO;
				INFOPLIST_FILE = TraysSocial/Info.plist;
				LD_RUNPATH_SEARCH_PATHS = (
					"$(inherited)",
					"@executable_path/Frameworks",
				);
				MARKETING_VERSION = 1.0.0;
				PRODUCT_BUNDLE_IDENTIFIER = com.trays.social;
				SDKROOT = iphoneos;
				TARGETED_DEVICE_FAMILY = 1;
			};
			name = Release;
		};
		44857F094EB352E9FC968987 /* Release */ = {
			isa = XCBuildConfiguration;
			buildSettings = {
				ALWAYS_SEARCH_USER_PATHS = NO;
				CLANG_ANALYZER_NONNULL = YES;
				CLANG_ANALYZER_NUMBER_OBJECT_CONVERSION = YES_AGGRESSIVE;
				CLANG_CXX_LANGUAGE_STANDARD = "gnu++14";
				CLANG_CXX_LIBRARY = "libc++";
				CLANG_ENABLE_MODULES = YES;
				CLANG_ENABLE_OBJC_ARC = YES;
				CLANG_ENABLE_OBJC_WEAK = YES;
				CLANG_WARN_BLOCK_CAPTURE_AUTORELEASING = YES;
				CLANG_WARN_BOOL_CONVERSION = YES;
				CLANG_WARN_COMMA = YES;
				CLANG_WARN_CONSTANT_CONVERSION = YES;
				CLANG_WARN_DEPRECATED_OBJC_IMPLEMENTATIONS = YES;
				CLANG_WARN_DIRECT_OBJC_ISA_USAGE = YES_ERROR;
				CLANG_WARN_DOCUMENTATION_COMMENTS = YES;
				CLANG_WARN_EMPTY_BODY = YES;
				CLANG_WARN_ENUM_CONVERSION = YES;
				CLANG_WARN_INFINITE_RECURSION = YES;
				CLANG_WARN_INT_CONVERSION = YES;
				CLANG_WARN_NON_LITERAL_NULL_CONVERSION = YES;
				CLANG_WARN_OBJC_IMPLICIT_RETAIN_SELF = YES;
				CLANG_WARN_OBJC_LITERAL_CONVERSION = YES;
				CLANG_WARN_OBJC_ROOT_CLASS = YES_ERROR;
				CLANG_WARN_QUOTED_INCLUDE_IN_FRAMEWORK_HEADER = YES;
				CLANG_WARN_RANGE_LOOP_ANALYSIS = YES;
				CLANG_WARN_STRICT_PROTOTYPES = YES;
				CLANG_WARN_SUSPICIOUS_MOVE = YES;
				CLANG_WARN_UNGUARDED_AVAILABILITY = YES_AGGRESSIVE;
				CLANG_WARN_UNREACHABLE_CODE = YES;
				CLANG_WARN__DUPLICATE_METHOD_MATCH = YES;
				COPY_PHASE_STRIP = NO;
				DEBUG_INFORMATION_FORMAT = "dwarf-with-dsym";
				DEVELOPMENT_TEAM = 6TN2AZM26U;
				ENABLE_NS_ASSERTIONS = NO;
				ENABLE_STRICT_OBJC_MSGSEND = YES;
				GCC_C_LANGUAGE_STANDARD = gnu11;
				GCC_NO_COMMON_BLOCKS = YES;
				GCC_WARN_64_TO_32_BIT_CONVERSION = YES;
				GCC_WARN_ABOUT_RETURN_TYPE = YES_ERROR;
				GCC_WARN_UNDECLARED_SELECTOR = YES;
				GCC_WARN_UNINITIALIZED_AUTOS = YES_AGGRESSIVE;
				GCC_WARN_UNUSED_FUNCTION = YES;
				GCC_WARN_UNUSED_VARIABLE = YES;
				IPHONEOS_DEPLOYMENT_TARGET = 17.0;
				MTL_ENABLE_DEBUG_INFO = NO;
				MTL_FAST_MATH = YES;
				PRODUCT_NAME = "$(TARGET_NAME)";
				SDKROOT = iphoneos;
				SWIFT_COMPILATION_MODE = wholemodule;
				SWIFT_OPTIMIZATION_LEVEL = "-O";
				SWIFT_VERSION = 6.0;
			};
			name = Release;
		};
		517A4EAA0A0AD48B6FF88A9B /* Debug */ = {
			isa = XCBuildConfiguration;
			buildSettings = {
				ALWAYS_SEARCH_USER_PATHS = NO;
				CLANG_ANALYZER_NONNULL = YES;
				CLANG_ANALYZER_NUMBER_OBJECT_CONVERSION = YES_AGGRESSIVE;
				CLANG_CXX_LANGUAGE_STANDARD = "gnu++14";
				CLANG_CXX_LIBRARY = "libc++";
				CLANG_ENABLE_MODULES = YES;
				CLANG_ENABLE_OBJC_ARC = YES;
				CLANG_ENABLE_OBJC_WEAK = YES;
				CLANG_WARN_BLOCK_CAPTURE_AUTORELEASING = YES;
				CLANG_WARN_BOOL_CONVERSION = YES;
				CLANG_WARN_COMMA = YES;
				CLANG_WARN_CONSTANT_CONVERSION = YES;
				CLANG_WARN_DEPRECATED_OBJC_IMPLEMENTATIONS = YES;
				CLANG_WARN_DIRECT_OBJC_ISA_USAGE = YES_ERROR;
				CLANG_WARN_DOCUMENTATION_COMMENTS = YES;
				CLANG_WARN_EMPTY_BODY = YES;
				CLANG_WARN_ENUM_CONVERSION = YES;
				CLANG_WARN_INFINITE_RECURSION = YES;
				CLANG_WARN_INT_CONVERSION = YES;
				CLANG_WARN_NON_LITERAL_NULL_CONVERSION = YES;
				CLANG_WARN_OBJC_IMPLICIT_RETAIN_SELF = YES;
				CLANG_WARN_OBJC_LITERAL_CONVERSION = YES;
				CLANG_WARN_OBJC_ROOT_CLASS = YES_ERROR;
				CLANG_WARN_QUOTED_INCLUDE_IN_FRAMEWORK_HEADER = YES;
				CLANG_WARN_RANGE_LOOP_ANALYSIS = YES;
				CLANG_WARN_STRICT_PROTOTYPES = YES;
				CLANG_WARN_SUSPICIOUS_MOVE = YES;
				CLANG_WARN_UNGUARDED_AVAILABILITY = YES_AGGRESSIVE;
				CLANG_WARN_UNREACHABLE_CODE = YES;
				CLANG_WARN__DUPLICATE_METHOD_MATCH = YES;
				COPY_PHASE_STRIP = NO;
				DEBUG_INFORMATION_FORMAT = dwarf;
				DEVELOPMENT_TEAM = 6TN2AZM26U;
				ENABLE_STRICT_OBJC_MSGSEND = YES;
				ENABLE_TESTABILITY = YES;
				GCC_C_LANGUAGE_STANDARD = gnu11;
				GCC_DYNAMIC_NO_PIC = NO;
				GCC_NO_COMMON_BLOCKS = YES;
				GCC_OPTIMIZATION_LEVEL = 0;
				GCC_PREPROCESSOR_DEFINITIONS = (
					"$(inherited)",
					"DEBUG=1",
				);
				GCC_WARN_64_TO_32_BIT_CONVERSION = YES;
				GCC_WARN_ABOUT_RETURN_TYPE = YES_ERROR;
				GCC_WARN_UNDECLARED_SELECTOR = YES;
				GCC_WARN_UNINITIALIZED_AUTOS = YES_AGGRESSIVE;
				GCC_WARN_UNUSED_FUNCTION = YES;
				GCC_WARN_UNUSED_VARIABLE = YES;
				IPHONEOS_DEPLOYMENT_TARGET = 17.0;
				MTL_ENABLE_DEBUG_INFO = INCLUDE_SOURCE;
				MTL_FAST_MATH = YES;
				ONLY_ACTIVE_ARCH = YES;
				PRODUCT_NAME = "$(TARGET_NAME)";
				SDKROOT = iphoneos;
				SWIFT_ACTIVE_COMPILATION_CONDITIONS = DEBUG;
				SWIFT_OPTIMIZATION_LEVEL = "-Onone";
				SWIFT_VERSION = 6.0;
			};
			name = Debug;
		};
/* End XCBuildConfiguration section */

/* Begin XCConfigurationList section */
		2C9519EE39CD9810A0752FB8 /* Build configuration list for PBXProject "TraysSocial" */ = {
			isa = XCConfigurationList;
			buildConfigurations = (
				517A4EAA0A0AD48B6FF88A9B /* Debug */,
				44857F094EB352E9FC968987 /* Release */,
			);
			defaultConfigurationIsVisible = 0;
			defaultConfigurationName = Debug;
		};
		FBD568D92B229814E5388D32 /* Build configuration list for PBXNativeTarget "TraysSocial" */ = {
			isa = XCConfigurationList;
			buildConfigurations = (
				0A97BADD9137E1FB8483C388 /* Debug */,
				16ED6ED67F6A5E7FAB9F1D49 /* Release */,
			);
			defaultConfigurationIsVisible = 0;
			defaultConfigurationName = Debug;
		};
/* End XCConfigurationList section */
	};
	rootObject = 6838EF684CCBBF5E8DF2FE35 /* Project object */;
}
